hash: 2494cacbb07de764a001e86761e2f670a8e353f36c47f0c03048bf38da069b98
updated: 2017-05-21T01:06:25.548646584-06:00
imports:
- name: github.com/gorilla/websocket
  version: 3ab3a8b8831546bd18fd182c20687ca853b2bb13
- name: github.com/pressly/chi
  version: e6033ea75479391a4bce3918fc119cad31e1cb30
  subpackages:
  - middleware
- name: github.com/ua-parser/uap-go
  version: e2a4d9b506bab1f6059bdff1d380361d3935236c
  subpackages:
  - uaparser
- name: golang.org/x/net
  version: f315505cf3349909cdf013ea56690da34e96a451
  subpackages:
  - http2
  - http2/hpack
- name: gopkg.in/yaml.v2
  version: 53feefa2559fb8dfa8d81baad31be332c97d6c77
testImports: []
