hash: e638f8db1c5a3d8ed0e23a104d1226313c88cb4736b055d835fb7d26eca0fe83
updated: 2016-12-03T23:33:55.96177824-07:00
imports:
- name: github.com/gorilla/websocket
  version: 1f512fc3f05332ba7117626cdfb4e07474e58e60
- name: github.com/pressly/chi
  version: 0c0be26887fc176249c3bbd069cb9f9f3f757ed5
  subpackages:
  - middleware
- name: github.com/ua-parser/uap-go
  version: 08c9ab17c54f06ccfe5256695a9f715a47404cfe
  subpackages:
  - uaparser
- name: golang.org/x/net
  version: 6cdc0daab091c43fc46193327e0047b4f883c613
  subpackages:
  - context
  - http2
  - http2/hpack
  - idna
  - lex/httplex
- name: gopkg.in/yaml.v2
  version: a5b47d31c556af34a302ce5d659e6fea44d90de0
testImports: []
